
Microsoft Visual Studio Solution File, Format Version 12.00
# Visual Studio Version 17
VisualStudioVersion = 17.6.33815.320
MinimumVisualStudioVersion = 10.0.40219.1
Project("{FAE04EC0-301F-11D3-BF4B-00C04F79EFBC}") = "MVP", "MVP\MVP.csproj", "{C4947B1A-51CD-4624-B981-98C83C0E46FF}"
EndProject
Project("{FAE04EC0-301F-11D3-BF4B-00C04F79EFBC}") = "Data", "Data\Data.csproj", "{C72372B0-81BE-4816-8C2D-9131B94BD704}"
EndProject
Project("{FAE04EC0-301F-11D3-BF4B-00C04F79EFBC}") = "MVP.Web", "MVP.Web\MVP.Web.csproj", "{7B265184-427E-419E-BEBE-DAE33F1EDF37}"
EndProject
Global
	GlobalSection(SolutionConfigurationPlatforms) = preSolution
		Debug|Any CPU = Debug|Any CPU
		Release|Any CPU = Release|Any CPU
	EndGlobalSection
	GlobalSection(ProjectConfigurationPlatforms) = postSolution
		{C4947B1A-51CD-4624-B981-98C83C0E46FF}.Debug|Any CPU.ActiveCfg = Debug|Any CPU
		{C4947B1A-51CD-4624-B981-98C83C0E46FF}.Debug|Any CPU.Build.0 = Debug|Any CPU
		{C4947B1A-51CD-4624-B981-98C83C0E46FF}.Release|Any CPU.ActiveCfg = Release|Any CPU
		{C4947B1A-51CD-4624-B981-98C83C0E46FF}.Release|Any CPU.Build.0 = Release|Any CPU
		{C72372B0-81BE-4816-8C2D-9131B94BD704}.Debug|Any CPU.ActiveCfg = Debug|Any CPU
		{C72372B0-81BE-4816-8C2D-9131B94BD704}.Debug|Any CPU.Build.0 = Debug|Any CPU
		{C72372B0-81BE-4816-8C2D-9131B94BD704}.Release|Any CPU.ActiveCfg = Release|Any CPU
		{C72372B0-81BE-4816-8C2D-9131B94BD704}.Release|Any CPU.Build.0 = Release|Any CPU
		{7B265184-427E-419E-BEBE-DAE33F1EDF37}.Debug|Any CPU.ActiveCfg = Debug|Any CPU
		{7B265184-427E-419E-BEBE-DAE33F1EDF37}.Debug|Any CPU.Build.0 = Debug|Any CPU
		{7B265184-427E-419E-BEBE-DAE33F1EDF37}.Release|Any CPU.ActiveCfg = Release|Any CPU
		{7B265184-427E-419E-BEBE-DAE33F1EDF37}.Release|Any CPU.Build.0 = Release|Any CPU
	EndGlobalSection
	GlobalSection(SolutionProperties) = preSolution
		HideSolutionNode = FALSE
	EndGlobalSection
	GlobalSection(ExtensibilityGlobals) = postSolution
		SolutionGuid = {F532E9A5-925E-41EF-A2C0-B82DB6812BB3}
	EndGlobalSection
EndGlobal
